
Microsoft Visual Studio Solution File, Format Version 12.00
# Visual Studio Version 17
VisualStudioVersion = 17.5.33414.496
MinimumVisualStudioVersion = 10.0.40219.1
Project("{FAE04EC0-301F-11D3-BF4B-00C04F79EFBC}") = "Estacionamento", "Estacionamento.csproj", "{1530FBB7-D9E7-41DB-B667-8D30960E242C}"
EndProject
Global
	GlobalSection(SolutionConfigurationPlatforms) = preSolution
		Debug|Any CPU = Debug|Any CPU
		Release|Any CPU = Release|Any CPU
	EndGlobalSection
	GlobalSection(ProjectConfigurationPlatforms) = postSolution
		{1530FBB7-D9E7-41DB-B667-8D30960E242C}.Debug|Any CPU.ActiveCfg = Debug|Any CPU
		{1530FBB7-D9E7-41DB-B667-8D30960E242C}.Debug|Any CPU.Build.0 = Debug|Any CPU
		{1530FBB7-D9E7-41DB-B667-8D30960E242C}.Release|Any CPU.ActiveCfg = Release|Any CPU
		{1530FBB7-D9E7-41DB-B667-8D30960E242C}.Release|Any CPU.Build.0 = Release|Any CPU
	EndGlobalSection
	GlobalSection(SolutionProperties) = preSolution
		HideSolutionNode = FALSE
	EndGlobalSection
	GlobalSection(ExtensibilityGlobals) = postSolution
		SolutionGuid = {A9519A9C-E364-4187-9C00-A24EDD981ED3}
	EndGlobalSection
EndGlobal
