
Microsoft Visual Studio Solution File, Format Version 12.00
# Visual Studio Version 17
VisualStudioVersion = 17.5.33414.496
MinimumVisualStudioVersion = 10.0.40219.1
Project("{FAE04EC0-301F-11D3-BF4B-00C04F79EFBC}") = "Product", "Product\Product.csproj", "{7A1A9F33-8850-4CFF-B0A3-E680EDADD61B}"
EndProject
Global
	GlobalSection(SolutionConfigurationPlatforms) = preSolution
		Debug|Any CPU = Debug|Any CPU
		Release|Any CPU = Release|Any CPU
	EndGlobalSection
	GlobalSection(ProjectConfigurationPlatforms) = postSolution
		{7A1A9F33-8850-4CFF-B0A3-E680EDADD61B}.Debug|Any CPU.ActiveCfg = Debug|Any CPU
		{7A1A9F33-8850-4CFF-B0A3-E680EDADD61B}.Debug|Any CPU.Build.0 = Debug|Any CPU
		{7A1A9F33-8850-4CFF-B0A3-E680EDADD61B}.Release|Any CPU.ActiveCfg = Release|Any CPU
		{7A1A9F33-8850-4CFF-B0A3-E680EDADD61B}.Release|Any CPU.Build.0 = Release|Any CPU
	EndGlobalSection
	GlobalSection(SolutionProperties) = preSolution
		HideSolutionNode = FALSE
	EndGlobalSection
	GlobalSection(ExtensibilityGlobals) = postSolution
		SolutionGuid = {B04C3BCF-A9D9-41D9-B9AA-158967D92C6A}
	EndGlobalSection
EndGlobal
