
Microsoft Visual Studio Solution File, Format Version 12.00
# Visual Studio Version 17
VisualStudioVersion = 17.5.33414.496
MinimumVisualStudioVersion = 10.0.40219.1
Project("{FAE04EC0-301F-11D3-BF4B-00C04F79EFBC}") = "PrimeiroProjeto", "PrimeiroProjeto\PrimeiroProjeto.csproj", "{64FBA18D-2E83-4E86-9A3B-614817FEC706}"
EndProject
Global
	GlobalSection(SolutionConfigurationPlatforms) = preSolution
		Debug|Any CPU = Debug|Any CPU
		Release|Any CPU = Release|Any CPU
	EndGlobalSection
	GlobalSection(ProjectConfigurationPlatforms) = postSolution
		{64FBA18D-2E83-4E86-9A3B-614817FEC706}.Debug|Any CPU.ActiveCfg = Debug|Any CPU
		{64FBA18D-2E83-4E86-9A3B-614817FEC706}.Debug|Any CPU.Build.0 = Debug|Any CPU
		{64FBA18D-2E83-4E86-9A3B-614817FEC706}.Release|Any CPU.ActiveCfg = Release|Any CPU
		{64FBA18D-2E83-4E86-9A3B-614817FEC706}.Release|Any CPU.Build.0 = Release|Any CPU
	EndGlobalSection
	GlobalSection(SolutionProperties) = preSolution
		HideSolutionNode = FALSE
	EndGlobalSection
	GlobalSection(ExtensibilityGlobals) = postSolution
		SolutionGuid = {6ED78C46-E852-4408-92BD-C3BCA12340F9}
	EndGlobalSection
EndGlobal
